
Microsoft Visual Studio Solution File, Format Version 12.00
# Visual Studio Version 17
VisualStudioVersion = 17.2.32630.192
MinimumVisualStudioVersion = 10.0.40219.1
Project("{9A19103F-16F7-4668-BE54-9A1E7A4F7556}") = "MoodAnalyser", "MoodAnalyser.csproj", "{1DEE7D15-532A-4AE9-8793-F69590787042}"
EndProject
Project("{FAE04EC0-301F-11D3-BF4B-00C04F79EFBC}") = "TestProject1", "..\TestProject1\TestProject1.csproj", "{A879C6B7-7A65-40FD-BBB2-7A05CC3853EF}"
EndProject
Global
	GlobalSection(SolutionConfigurationPlatforms) = preSolution
		Debug|Any CPU = Debug|Any CPU
		Release|Any CPU = Release|Any CPU
	EndGlobalSection
	GlobalSection(ProjectConfigurationPlatforms) = postSolution
		{1DEE7D15-532A-4AE9-8793-F69590787042}.Debug|Any CPU.ActiveCfg = Debug|Any CPU
		{1DEE7D15-532A-4AE9-8793-F69590787042}.Debug|Any CPU.Build.0 = Debug|Any CPU
		{1DEE7D15-532A-4AE9-8793-F69590787042}.Release|Any CPU.ActiveCfg = Release|Any CPU
		{1DEE7D15-532A-4AE9-8793-F69590787042}.Release|Any CPU.Build.0 = Release|Any CPU
		{A879C6B7-7A65-40FD-BBB2-7A05CC3853EF}.Debug|Any CPU.ActiveCfg = Debug|Any CPU
		{A879C6B7-7A65-40FD-BBB2-7A05CC3853EF}.Debug|Any CPU.Build.0 = Debug|Any CPU
		{A879C6B7-7A65-40FD-BBB2-7A05CC3853EF}.Release|Any CPU.ActiveCfg = Release|Any CPU
		{A879C6B7-7A65-40FD-BBB2-7A05CC3853EF}.Release|Any CPU.Build.0 = Release|Any CPU
	EndGlobalSection
	GlobalSection(SolutionProperties) = preSolution
		HideSolutionNode = FALSE
	EndGlobalSection
	GlobalSection(ExtensibilityGlobals) = postSolution
		SolutionGuid = {C61D46E3-D702-4B2B-919E-14FB3530A95B}
	EndGlobalSection
EndGlobal
